
Microsoft Visual Studio Solution File, Format Version 12.00
# Visual Studio Version 17
VisualStudioVersion = 17.5.33530.505
MinimumVisualStudioVersion = 10.0.40219.1
Project("{FAE04EC0-301F-11D3-BF4B-00C04F79EFBC}") = "KenChessBoardView", "KenChessBoardView\KenChessBoardView.csproj", "{8EA99E16-EA22-406B-A70D-24AAB4C959C8}"
EndProject
Project("{FAE04EC0-301F-11D3-BF4B-00C04F79EFBC}") = "KenChessBoardModel", "KenChessBoardModel\KenChessBoardModel.csproj", "{7BC18692-4E67-4778-A4C6-448AE2FF0A77}"
EndProject
Project("{FAE04EC0-301F-11D3-BF4B-00C04F79EFBC}") = "KenChessPGNCoreLibrary", "KenChessPGNCoreLibrary\KenChessPGNCoreLibrary.csproj", "{56F0C46B-A501-4C3A-A5E9-5BEEA136DDA3}"
EndProject
Project("{FAE04EC0-301F-11D3-BF4B-00C04F79EFBC}") = "KenChessMain", "KenChessMain\KenChessMain.csproj", "{EF6DBC0B-2E3B-4936-AAEA-035BCFE33C1A}"
EndProject
Project("{FAE04EC0-301F-11D3-BF4B-00C04F79EFBC}") = "KenGenericNode", "KenGenericNode\KenGenericNode.csproj", "{62FA62DB-4122-4566-B3B5-F684778E758C}"
EndProject
Project("{2150E333-8FDC-42A3-9474-1A3956D46DE8}") = "Solution Items", "Solution Items", "{9AC62AA5-7088-4716-AED1-7E7299A6A45C}"
	ProjectSection(SolutionItems) = preProject
		readme.md = readme.md
	EndProjectSection
EndProject
Global
	GlobalSection(SolutionConfigurationPlatforms) = preSolution
		Debug|Any CPU = Debug|Any CPU
		Release|Any CPU = Release|Any CPU
	EndGlobalSection
	GlobalSection(ProjectConfigurationPlatforms) = postSolution
		{8EA99E16-EA22-406B-A70D-24AAB4C959C8}.Debug|Any CPU.ActiveCfg = Debug|Any CPU
		{8EA99E16-EA22-406B-A70D-24AAB4C959C8}.Debug|Any CPU.Build.0 = Debug|Any CPU
		{8EA99E16-EA22-406B-A70D-24AAB4C959C8}.Release|Any CPU.ActiveCfg = Release|Any CPU
		{8EA99E16-EA22-406B-A70D-24AAB4C959C8}.Release|Any CPU.Build.0 = Release|Any CPU
		{7BC18692-4E67-4778-A4C6-448AE2FF0A77}.Debug|Any CPU.ActiveCfg = Debug|Any CPU
		{7BC18692-4E67-4778-A4C6-448AE2FF0A77}.Debug|Any CPU.Build.0 = Debug|Any CPU
		{7BC18692-4E67-4778-A4C6-448AE2FF0A77}.Release|Any CPU.ActiveCfg = Release|Any CPU
		{7BC18692-4E67-4778-A4C6-448AE2FF0A77}.Release|Any CPU.Build.0 = Release|Any CPU
		{56F0C46B-A501-4C3A-A5E9-5BEEA136DDA3}.Debug|Any CPU.ActiveCfg = Debug|Any CPU
		{56F0C46B-A501-4C3A-A5E9-5BEEA136DDA3}.Debug|Any CPU.Build.0 = Debug|Any CPU
		{56F0C46B-A501-4C3A-A5E9-5BEEA136DDA3}.Release|Any CPU.ActiveCfg = Release|Any CPU
		{56F0C46B-A501-4C3A-A5E9-5BEEA136DDA3}.Release|Any CPU.Build.0 = Release|Any CPU
		{EF6DBC0B-2E3B-4936-AAEA-035BCFE33C1A}.Debug|Any CPU.ActiveCfg = Debug|Any CPU
		{EF6DBC0B-2E3B-4936-AAEA-035BCFE33C1A}.Debug|Any CPU.Build.0 = Debug|Any CPU
		{EF6DBC0B-2E3B-4936-AAEA-035BCFE33C1A}.Release|Any CPU.ActiveCfg = Release|Any CPU
		{EF6DBC0B-2E3B-4936-AAEA-035BCFE33C1A}.Release|Any CPU.Build.0 = Release|Any CPU
		{62FA62DB-4122-4566-B3B5-F684778E758C}.Debug|Any CPU.ActiveCfg = Debug|Any CPU
		{62FA62DB-4122-4566-B3B5-F684778E758C}.Debug|Any CPU.Build.0 = Debug|Any CPU
		{62FA62DB-4122-4566-B3B5-F684778E758C}.Release|Any CPU.ActiveCfg = Release|Any CPU
		{62FA62DB-4122-4566-B3B5-F684778E758C}.Release|Any CPU.Build.0 = Release|Any CPU
	EndGlobalSection
	GlobalSection(SolutionProperties) = preSolution
		HideSolutionNode = FALSE
	EndGlobalSection
	GlobalSection(ExtensibilityGlobals) = postSolution
		SolutionGuid = {013BE95B-0C5D-4B19-A3DD-074215F11334}
	EndGlobalSection
EndGlobal
